
Microsoft Visual Studio Solution File, Format Version 12.00
# Visual Studio Version 16
VisualStudioVersion = 16.0.31624.102
MinimumVisualStudioVersion = 10.0.40219.1
Project("{9A19103F-16F7-4668-BE54-9A1E7A4F7556}") = "BenchmarkReflection", "BenchmarkReflection\BenchmarkReflection.csproj", "{F08A4205-3118-493A-B9D9-A99A23E35D07}"
EndProject
Project("{FAE04EC0-301F-11D3-BF4B-00C04F79EFBC}") = "ReflectionTarget", "ReflectionTarget\ReflectionTarget.csproj", "{DA7CB2A2-431C-44F8-8DB5-3E1DFFC7DF22}"
EndProject
Global
	GlobalSection(SolutionConfigurationPlatforms) = preSolution
		Debug|Any CPU = Debug|Any CPU
		Release|Any CPU = Release|Any CPU
	EndGlobalSection
	GlobalSection(ProjectConfigurationPlatforms) = postSolution
		{F08A4205-3118-493A-B9D9-A99A23E35D07}.Debug|Any CPU.ActiveCfg = Debug|Any CPU
		{F08A4205-3118-493A-B9D9-A99A23E35D07}.Debug|Any CPU.Build.0 = Debug|Any CPU
		{F08A4205-3118-493A-B9D9-A99A23E35D07}.Release|Any CPU.ActiveCfg = Release|Any CPU
		{F08A4205-3118-493A-B9D9-A99A23E35D07}.Release|Any CPU.Build.0 = Release|Any CPU
		{DA7CB2A2-431C-44F8-8DB5-3E1DFFC7DF22}.Debug|Any CPU.ActiveCfg = Debug|Any CPU
		{DA7CB2A2-431C-44F8-8DB5-3E1DFFC7DF22}.Debug|Any CPU.Build.0 = Debug|Any CPU
		{DA7CB2A2-431C-44F8-8DB5-3E1DFFC7DF22}.Release|Any CPU.ActiveCfg = Release|Any CPU
		{DA7CB2A2-431C-44F8-8DB5-3E1DFFC7DF22}.Release|Any CPU.Build.0 = Release|Any CPU
	EndGlobalSection
	GlobalSection(SolutionProperties) = preSolution
		HideSolutionNode = FALSE
	EndGlobalSection
	GlobalSection(ExtensibilityGlobals) = postSolution
		SolutionGuid = {53A61120-712F-45BE-8BF4-B22B71DEF45E}
	EndGlobalSection
EndGlobal
